
Microsoft Visual Studio Solution File, Format Version 12.00
# Visual Studio 15
VisualStudioVersion = 15.0.27703.2018
MinimumVisualStudioVersion = 10.0.40219.1
Project("{9A19103F-16F7-4668-BE54-9A1E7A4F7556}") = "AutoEFContext", "AutoEFContext\AutoEFContext.csproj", "{4BE877D3-7850-453D-9BEC-A112A0CFD20A}"
EndProject
Project("{9A19103F-16F7-4668-BE54-9A1E7A4F7556}") = "TestConsole", "TestConsole\TestConsole.csproj", "{C917E464-2F06-44B4-9AB2-60FAD7DFECDD}"
EndProject
Project("{9A19103F-16F7-4668-BE54-9A1E7A4F7556}") = "AutofacEFImp", "AutofacImp\AutofacEFImp.csproj", "{5E36F85F-43CF-49AC-AF0E-E225EF5D3B0B}"
EndProject
Project("{9A19103F-16F7-4668-BE54-9A1E7A4F7556}") = "AutofacMiddleware", "AutofacMiddleware\AutofacMiddleware.csproj", "{2C455905-C22B-4D57-94DA-A1FDA0C1398C}"
EndProject
Project("{FAE04EC0-301F-11D3-BF4B-00C04F79EFBC}") = "AutoEFContextRepository", "AutoEFContextRepository\AutoEFContextRepository.csproj", "{E4BD3317-224C-4B56-BA41-D2A38F37845D}"
EndProject
Global
	GlobalSection(SolutionConfigurationPlatforms) = preSolution
		Debug|Any CPU = Debug|Any CPU
		Release|Any CPU = Release|Any CPU
	EndGlobalSection
	GlobalSection(ProjectConfigurationPlatforms) = postSolution
		{4BE877D3-7850-453D-9BEC-A112A0CFD20A}.Debug|Any CPU.ActiveCfg = Debug|Any CPU
		{4BE877D3-7850-453D-9BEC-A112A0CFD20A}.Debug|Any CPU.Build.0 = Debug|Any CPU
		{4BE877D3-7850-453D-9BEC-A112A0CFD20A}.Release|Any CPU.ActiveCfg = Release|Any CPU
		{4BE877D3-7850-453D-9BEC-A112A0CFD20A}.Release|Any CPU.Build.0 = Release|Any CPU
		{C917E464-2F06-44B4-9AB2-60FAD7DFECDD}.Debug|Any CPU.ActiveCfg = Debug|Any CPU
		{C917E464-2F06-44B4-9AB2-60FAD7DFECDD}.Debug|Any CPU.Build.0 = Debug|Any CPU
		{C917E464-2F06-44B4-9AB2-60FAD7DFECDD}.Release|Any CPU.ActiveCfg = Release|Any CPU
		{C917E464-2F06-44B4-9AB2-60FAD7DFECDD}.Release|Any CPU.Build.0 = Release|Any CPU
		{5E36F85F-43CF-49AC-AF0E-E225EF5D3B0B}.Debug|Any CPU.ActiveCfg = Debug|Any CPU
		{5E36F85F-43CF-49AC-AF0E-E225EF5D3B0B}.Debug|Any CPU.Build.0 = Debug|Any CPU
		{5E36F85F-43CF-49AC-AF0E-E225EF5D3B0B}.Release|Any CPU.ActiveCfg = Release|Any CPU
		{5E36F85F-43CF-49AC-AF0E-E225EF5D3B0B}.Release|Any CPU.Build.0 = Release|Any CPU
		{2C455905-C22B-4D57-94DA-A1FDA0C1398C}.Debug|Any CPU.ActiveCfg = Debug|Any CPU
		{2C455905-C22B-4D57-94DA-A1FDA0C1398C}.Debug|Any CPU.Build.0 = Debug|Any CPU
		{2C455905-C22B-4D57-94DA-A1FDA0C1398C}.Release|Any CPU.ActiveCfg = Release|Any CPU
		{2C455905-C22B-4D57-94DA-A1FDA0C1398C}.Release|Any CPU.Build.0 = Release|Any CPU
		{E4BD3317-224C-4B56-BA41-D2A38F37845D}.Debug|Any CPU.ActiveCfg = Debug|Any CPU
		{E4BD3317-224C-4B56-BA41-D2A38F37845D}.Debug|Any CPU.Build.0 = Debug|Any CPU
		{E4BD3317-224C-4B56-BA41-D2A38F37845D}.Release|Any CPU.ActiveCfg = Release|Any CPU
		{E4BD3317-224C-4B56-BA41-D2A38F37845D}.Release|Any CPU.Build.0 = Release|Any CPU
	EndGlobalSection
	GlobalSection(SolutionProperties) = preSolution
		HideSolutionNode = FALSE
	EndGlobalSection
	GlobalSection(ExtensibilityGlobals) = postSolution
		SolutionGuid = {8E66F206-877A-45FB-A796-85182DB3DE3C}
	EndGlobalSection
EndGlobal
